Microsoft Visual Studio Solution File, Format Version 12.00
# Visual Studio Version 17
VisualStudioVersion = 17.0.31717.71
MinimumVisualStudioVersion = 10.0.40219.1
Project("{2150E333-8FDC-42A3-9474-1A3956D46DE8}") = "src", "src", "{2F2C51C0-C53D-46A3-98FF-E38A161065F7}"
EndProject
Project("{9A19103F-16F7-4668-BE54-9A1E7A4F7556}") = "MudBlazorSyncStart", "src\MudBlazorSyncStart\MudBlazorSyncStart.csproj", "{366AFC3B-76C2-482C-BC18-B9EA4AD73669}"
EndProject
Global
	GlobalSection(SolutionConfigurationPlatforms) = preSolution
		Debug|Any CPU = Debug|Any CPU
		Release|Any CPU = Release|Any CPU
	EndGlobalSection
	GlobalSection(ProjectConfigurationPlatforms) = postSolution
		{366AFC3B-76C2-482C-BC18-B9EA4AD73669}.Debug|Any CPU.ActiveCfg = Debug|Any CPU
		{366AFC3B-76C2-482C-BC18-B9EA4AD73669}.Debug|Any CPU.Build.0 = Debug|Any CPU
		{366AFC3B-76C2-482C-BC18-B9EA4AD73669}.Release|Any CPU.ActiveCfg = Release|Any CPU
		{366AFC3B-76C2-482C-BC18-B9EA4AD73669}.Release|Any CPU.Build.0 = Release|Any CPU
	EndGlobalSection
	GlobalSection(SolutionProperties) = preSolution
		HideSolutionNode = FALSE
	EndGlobalSection
	GlobalSection(NestedProjects) = preSolution
		{366AFC3B-76C2-482C-BC18-B9EA4AD73669} = {2F2C51C0-C53D-46A3-98FF-E38A161065F7}
	EndGlobalSection
	GlobalSection(ExtensibilityGlobals) = postSolution
		SolutionGuid = {95C10352-630D-4D42-871B-70CA660A7A8E}
	EndGlobalSection
EndGlobal
